
Microsoft Visual Studio Solution File, Format Version 12.00
# Visual Studio Version 16
VisualStudioVersion = 16.0.30523.141
MinimumVisualStudioVersion = 15.0.26124.0
Project("{9A19103F-16F7-4668-BE54-9A1E7A4F7556}") = "MVVMNext.Core.net48", "Core\MVVMNext.Core.net48.csproj", "{622DC6CA-6611-420A-8EC6-87E6CDF86CEE}"
EndProject
Global
	GlobalSection(SolutionConfigurationPlatforms) = preSolution
		Debug|Any CPU = Debug|Any CPU
		Debug|x64 = Debug|x64
		Debug|x86 = Debug|x86
		Release|Any CPU = Release|Any CPU
		Release|x64 = Release|x64
		Release|x86 = Release|x86
	EndGlobalSection
	GlobalSection(ProjectConfigurationPlatforms) = postSolution
		{622DC6CA-6611-420A-8EC6-87E6CDF86CEE}.Debug|Any CPU.ActiveCfg = Debug|Any CPU
		{622DC6CA-6611-420A-8EC6-87E6CDF86CEE}.Debug|Any CPU.Build.0 = Debug|Any CPU
		{622DC6CA-6611-420A-8EC6-87E6CDF86CEE}.Debug|x64.ActiveCfg = Debug|Any CPU
		{622DC6CA-6611-420A-8EC6-87E6CDF86CEE}.Debug|x64.Build.0 = Debug|Any CPU
		{622DC6CA-6611-420A-8EC6-87E6CDF86CEE}.Debug|x86.ActiveCfg = Debug|Any CPU
		{622DC6CA-6611-420A-8EC6-87E6CDF86CEE}.Debug|x86.Build.0 = Debug|Any CPU
		{622DC6CA-6611-420A-8EC6-87E6CDF86CEE}.Release|Any CPU.ActiveCfg = Release|Any CPU
		{622DC6CA-6611-420A-8EC6-87E6CDF86CEE}.Release|Any CPU.Build.0 = Release|Any CPU
		{622DC6CA-6611-420A-8EC6-87E6CDF86CEE}.Release|x64.ActiveCfg = Release|Any CPU
		{622DC6CA-6611-420A-8EC6-87E6CDF86CEE}.Release|x64.Build.0 = Release|Any CPU
		{622DC6CA-6611-420A-8EC6-87E6CDF86CEE}.Release|x86.ActiveCfg = Release|Any CPU
		{622DC6CA-6611-420A-8EC6-87E6CDF86CEE}.Release|x86.Build.0 = Release|Any CPU
	EndGlobalSection
	GlobalSection(SolutionProperties) = preSolution
		HideSolutionNode = FALSE
	EndGlobalSection
	GlobalSection(ExtensibilityGlobals) = postSolution
		SolutionGuid = {6C9AD11C-18EA-49DD-B204-5CD19FF1A77E}
	EndGlobalSection
EndGlobal
