
Microsoft Visual Studio Solution File, Format Version 12.00
# Visual Studio Version 16
VisualStudioVersion = 16.0.30114.105
MinimumVisualStudioVersion = 10.0.40219.1
Project("{9A19103F-16F7-4668-BE54-9A1E7A4F7556}") = "MVVMNext.netcore31", "MVVMNext\MVVMNext.netcore31.csproj", "{F67D4386-58DB-4D58-A0AA-12EEB9E0CA26}"
EndProject
Global
	GlobalSection(SolutionConfigurationPlatforms) = preSolution
		Debug|Any CPU = Debug|Any CPU
		Release|Any CPU = Release|Any CPU
	EndGlobalSection
	GlobalSection(ProjectConfigurationPlatforms) = postSolution
		{F67D4386-58DB-4D58-A0AA-12EEB9E0CA26}.Debug|Any CPU.ActiveCfg = Debug|Any CPU
		{F67D4386-58DB-4D58-A0AA-12EEB9E0CA26}.Debug|Any CPU.Build.0 = Debug|Any CPU
		{F67D4386-58DB-4D58-A0AA-12EEB9E0CA26}.Release|Any CPU.ActiveCfg = Release|Any CPU
		{F67D4386-58DB-4D58-A0AA-12EEB9E0CA26}.Release|Any CPU.Build.0 = Release|Any CPU
	EndGlobalSection
	GlobalSection(SolutionProperties) = preSolution
		HideSolutionNode = FALSE
	EndGlobalSection
	GlobalSection(ExtensibilityGlobals) = postSolution
		SolutionGuid = {2A45299D-0A25-4AD1-8CD9-FB3FB326C600}
	EndGlobalSection
EndGlobal
