
Microsoft Visual Studio Solution File, Format Version 12.00
# Visual Studio 15
VisualStudioVersion = 15.0.26124.0
MinimumVisualStudioVersion = 15.0.26124.0
Project("{FAE04EC0-301F-11D3-BF4B-00C04F79EFBC}") = "MVVMNext.Extras.net50preview4", "Extras\MVVMNext.Extras.net50preview4.csproj", "{0B776EE4-0852-4EB3-83E7-A35A3A071038}"
EndProject
Project("{FAE04EC0-301F-11D3-BF4B-00C04F79EFBC}") = "MVVMNext.Platform.net50preview4", "Platform\MVVMNext.Platform.net50preview4.csproj", "{DE890763-2936-4CC1-A4D8-9E73B26896D9}"
EndProject
Project("{FAE04EC0-301F-11D3-BF4B-00C04F79EFBC}") = "MVVMNext.Core.net50preview4", "Core\MVVMNext.Core.net50preview4.csproj", "{DF4D9E95-2559-45BB-9297-FBF5F6FC56BA}"
EndProject
Global
	GlobalSection(SolutionConfigurationPlatforms) = preSolution
		Debug|Any CPU = Debug|Any CPU
		Debug|x64 = Debug|x64
		Debug|x86 = Debug|x86
		Release|Any CPU = Release|Any CPU
		Release|x64 = Release|x64
		Release|x86 = Release|x86
	EndGlobalSection
	GlobalSection(SolutionProperties) = preSolution
		HideSolutionNode = FALSE
	EndGlobalSection
	GlobalSection(ProjectConfigurationPlatforms) = postSolution
		{0B776EE4-0852-4EB3-83E7-A35A3A071038}.Debug|Any CPU.ActiveCfg = Debug|Any CPU
		{0B776EE4-0852-4EB3-83E7-A35A3A071038}.Debug|Any CPU.Build.0 = Debug|Any CPU
		{0B776EE4-0852-4EB3-83E7-A35A3A071038}.Debug|x64.ActiveCfg = Debug|Any CPU
		{0B776EE4-0852-4EB3-83E7-A35A3A071038}.Debug|x64.Build.0 = Debug|Any CPU
		{0B776EE4-0852-4EB3-83E7-A35A3A071038}.Debug|x86.ActiveCfg = Debug|Any CPU
		{0B776EE4-0852-4EB3-83E7-A35A3A071038}.Debug|x86.Build.0 = Debug|Any CPU
		{0B776EE4-0852-4EB3-83E7-A35A3A071038}.Release|Any CPU.ActiveCfg = Release|Any CPU
		{0B776EE4-0852-4EB3-83E7-A35A3A071038}.Release|Any CPU.Build.0 = Release|Any CPU
		{0B776EE4-0852-4EB3-83E7-A35A3A071038}.Release|x64.ActiveCfg = Release|Any CPU
		{0B776EE4-0852-4EB3-83E7-A35A3A071038}.Release|x64.Build.0 = Release|Any CPU
		{0B776EE4-0852-4EB3-83E7-A35A3A071038}.Release|x86.ActiveCfg = Release|Any CPU
		{0B776EE4-0852-4EB3-83E7-A35A3A071038}.Release|x86.Build.0 = Release|Any CPU
		{DE890763-2936-4CC1-A4D8-9E73B26896D9}.Debug|Any CPU.ActiveCfg = Debug|Any CPU
		{DE890763-2936-4CC1-A4D8-9E73B26896D9}.Debug|Any CPU.Build.0 = Debug|Any CPU
		{DE890763-2936-4CC1-A4D8-9E73B26896D9}.Debug|x64.ActiveCfg = Debug|Any CPU
		{DE890763-2936-4CC1-A4D8-9E73B26896D9}.Debug|x64.Build.0 = Debug|Any CPU
		{DE890763-2936-4CC1-A4D8-9E73B26896D9}.Debug|x86.ActiveCfg = Debug|Any CPU
		{DE890763-2936-4CC1-A4D8-9E73B26896D9}.Debug|x86.Build.0 = Debug|Any CPU
		{DE890763-2936-4CC1-A4D8-9E73B26896D9}.Release|Any CPU.ActiveCfg = Release|Any CPU
		{DE890763-2936-4CC1-A4D8-9E73B26896D9}.Release|Any CPU.Build.0 = Release|Any CPU
		{DE890763-2936-4CC1-A4D8-9E73B26896D9}.Release|x64.ActiveCfg = Release|Any CPU
		{DE890763-2936-4CC1-A4D8-9E73B26896D9}.Release|x64.Build.0 = Release|Any CPU
		{DE890763-2936-4CC1-A4D8-9E73B26896D9}.Release|x86.ActiveCfg = Release|Any CPU
		{DE890763-2936-4CC1-A4D8-9E73B26896D9}.Release|x86.Build.0 = Release|Any CPU
		{DF4D9E95-2559-45BB-9297-FBF5F6FC56BA}.Debug|Any CPU.ActiveCfg = Debug|Any CPU
		{DF4D9E95-2559-45BB-9297-FBF5F6FC56BA}.Debug|Any CPU.Build.0 = Debug|Any CPU
		{DF4D9E95-2559-45BB-9297-FBF5F6FC56BA}.Debug|x64.ActiveCfg = Debug|Any CPU
		{DF4D9E95-2559-45BB-9297-FBF5F6FC56BA}.Debug|x64.Build.0 = Debug|Any CPU
		{DF4D9E95-2559-45BB-9297-FBF5F6FC56BA}.Debug|x86.ActiveCfg = Debug|Any CPU
		{DF4D9E95-2559-45BB-9297-FBF5F6FC56BA}.Debug|x86.Build.0 = Debug|Any CPU
		{DF4D9E95-2559-45BB-9297-FBF5F6FC56BA}.Release|Any CPU.ActiveCfg = Release|Any CPU
		{DF4D9E95-2559-45BB-9297-FBF5F6FC56BA}.Release|Any CPU.Build.0 = Release|Any CPU
		{DF4D9E95-2559-45BB-9297-FBF5F6FC56BA}.Release|x64.ActiveCfg = Release|Any CPU
		{DF4D9E95-2559-45BB-9297-FBF5F6FC56BA}.Release|x64.Build.0 = Release|Any CPU
		{DF4D9E95-2559-45BB-9297-FBF5F6FC56BA}.Release|x86.ActiveCfg = Release|Any CPU
		{DF4D9E95-2559-45BB-9297-FBF5F6FC56BA}.Release|x86.Build.0 = Release|Any CPU
	EndGlobalSection
EndGlobal
